
Microsoft Visual Studio Solution File, Format Version 12.00
# Visual Studio Version 17
VisualStudioVersion = 17.13.35931.197 d17.13
MinimumVisualStudioVersion = 10.0.40219.1
Project("{FAE04EC0-301F-11D3-BF4B-00C04F79EFBC}") = "LESSON_GitHub_HOMEWORK-2", "LESSON_GitHub_HOMEWORK-2\LESSON_GitHub_HOMEWORK-2.csproj", "{2B32B2CA-CDA6-4992-9821-4C7349E53072}"
EndProject
Global
	GlobalSection(SolutionConfigurationPlatforms) = preSolution
		Debug|Any CPU = Debug|Any CPU
		Release|Any CPU = Release|Any CPU
	EndGlobalSection
	GlobalSection(ProjectConfigurationPlatforms) = postSolution
		{2B32B2CA-CDA6-4992-9821-4C7349E53072}.Debug|Any CPU.ActiveCfg = Debug|Any CPU
		{2B32B2CA-CDA6-4992-9821-4C7349E53072}.Debug|Any CPU.Build.0 = Debug|Any CPU
		{2B32B2CA-CDA6-4992-9821-4C7349E53072}.Release|Any CPU.ActiveCfg = Release|Any CPU
		{2B32B2CA-CDA6-4992-9821-4C7349E53072}.Release|Any CPU.Build.0 = Release|Any CPU
	EndGlobalSection
	GlobalSection(SolutionProperties) = preSolution
		HideSolutionNode = FALSE
	EndGlobalSection
	GlobalSection(ExtensibilityGlobals) = postSolution
		SolutionGuid = {306E7FFA-1A28-414C-B468-1C1F642B1FA9}
	EndGlobalSection
EndGlobal
